// !$*UTF8*$!
{
	archiveVersion = 1;
	classes = {
	};
	objectVersion = 46;
	objects = {

/* Begin PBXBuildFile section */
		F23434E91B3447610065D11C /* main.m in Sources */ = {isa = PBXBuildFile; fileRef = F23434E81B3447610065D11C /* main.m */; };
		F23434EC1B3447610065D11C /* AppDelegate.m in Sources */ = {isa = PBXBuildFile; fileRef = F23434EB1B3447610065D11C /* AppDelegate.m */; };
		F23434EF1B3447610065D11C /* MadNibs.xcdatamodeld in Sources */ = {isa = PBXBuildFile; fileRef = F23434ED1B3447610065D11C /* MadNibs.xcdatamodeld */; };
		F23434F21B3447610065D11C /* ViewController.m in Sources */ = {isa = PBXBuildFile; fileRef = F23434F11B3447610065D11C /* ViewController.m */; };
		F23434F51B3447610065D11C /* Main.storyboard in Resources */ = {isa = PBXBuildFile; fileRef = F23434F31B3447610065D11C /* Main.storyboard */; };
		F23434F71B3447610065D11C /* Images.xcassets in Resources */ = {isa = PBXBuildFile; fileRef = F23434F61B3447610065D11C /* Images.xcassets */; };
		F23434FA1B3447610065D11C /* LaunchScreen.xib in Resources */ = {isa = PBXBuildFile; fileRef = F23434F81B3447610065D11C /* LaunchScreen.xib */; };
		F23435061B3447610065D11C /* MadNibsTests.m in Sources */ = {isa = PBXBuildFile; fileRef = F23435051B3447610065D11C /* MadNibsTests.m */; };
/* End PBXBuildFile section */

/* Begin PBXContainerItemProxy section */
		F23435001B3447610065D11C /* PBXContainerItemProxy */ = {
			isa = PBXContainerItemProxy;
			containerPortal = F23434DB1B3447610065D11C /* Project object */;
			proxyType = 1;
			remoteGlobalIDString = F23434E21B3447610065D11C;
			remoteInfo = MadNibs;
		};
/* End PBXContainerItemProxy section */

/* Begin PBXFileReference section */
		F23434E31B3447610065D11C /* MadNibs.app */ = {isa = PBXFileReference; explicitFileType = wrapper.application; includeInIndex = 0; path = MadNibs.app; sourceTree = BUILT_PRODUCTS_DIR; };
		F23434E71B3447610065D11C /* Info.plist */ = {isa = PBXFileReference; lastKnownFileType = text.plist.xml; path = Info.plist; sourceTree = "<group>"; };
		F23434E81B3447610065D11C /* main.m */ = {isa = PBXFileReference; lastKnownFileType = sourcecode.c.objc; path = main.m; sourceTree = "<group>"; };
		F23434EA1B3447610065D11C /* AppDelegate.h */ = {isa = PBXFileReference; lastKnownFileType = sourcecode.c.h; path = AppDelegate.h; sourceTree = "<group>"; };
		F23434EB1B3447610065D11C /* AppDelegate.m */ = {isa = PBXFileReference; lastKnownFileType = sourcecode.c.objc; path = AppDelegate.m; sourceTree = "<group>"; };
		F23434EE1B3447610065D11C /* MadNibs.xcdatamodel */ = {isa = PBXFileReference; lastKnownFileType = wrapper.xcdatamodel; path = MadNibs.xcdatamodel; sourceTree = "<group>"; };
		F23434F01B3447610065D11C /* ViewController.h */ = {isa = PBXFileReference; lastKnownFileType = sourcecode.c.h; path = ViewController.h; sourceTree = "<group>"; };
		F23434F11B3447610065D11C /* ViewController.m */ = {isa = PBXFileReference; lastKnownFileType = sourcecode.c.objc; path = ViewController.m; sourceTree = "<group>"; };
		F23434F41B3447610065D11C /* Base */ = {isa = PBXFileReference; lastKnownFileType = file.storyboard; name = Base; path = Base.lproj/Main.storyboard; sourceTree = "<group>"; };
		F23434F61B3447610065D11C /* Images.xcassets */ = {isa = PBXFileReference; lastKnownFileType = folder.assetcatalog; path = Images.xcassets; sourceTree = "<group>"; };
		F23434F91B3447610065D11C /* Base */ = {isa = PBXFileReference; lastKnownFileType = file.xib; name = Base; path = Base.lproj/LaunchScreen.xib; sourceTree = "<group>"; };
		F23434FF1B3447610065D11C /* MadNibsTests.xctest */ = {isa = PBXFileReference; explicitFileType = wrapper.cfbundle; includeInIndex = 0; path = MadNibsTests.xctest; sourceTree = BUILT_PRODUCTS_DIR; };
		F23435041B3447610065D11C /* Info.plist */ = {isa = PBXFileReference; lastKnownFileType = text.plist.xml; path = Info.plist; sourceTree = "<group>"; };
		F23435051B3447610065D11C /* MadNibsTests.m */ = {isa = PBXFileReference; lastKnownFileType = sourcecode.c.objc; path = MadNibsTests.m; sourceTree = "<group>"; };
/* End PBXFileReference section */

/* Begin PBXFrameworksBuildPhase section */
		F23434E01B3447610065D11C /* Frameworks */ = {
			isa = PBXFrameworksBuildPhase;
			buildActionMask = 2147483647;
			files = (
			);
			runOnlyForDeploymentPostprocessing = 0;
		};
		F23434FC1B3447610065D11C /* Frameworks */ = {
			isa = PBXFrameworksBuildPhase;
			buildActionMask = 2147483647;
			files = (
			);
			runOnlyForDeploymentPostprocessing = 0;
		};
/* End PBXFrameworksBuildPhase section */

/* Begin PBXGroup section */
		F23434DA1B3447610065D11C = {
			isa = PBXGroup;
			children = (
				F23434E51B3447610065D11C /* MadNibs */,
				F23435021B3447610065D11C /* MadNibsTests */,
				F23434E41B3447610065D11C /* Products */,
			);
			sourceTree = "<group>";
		};
		F23434E41B3447610065D11C /* Products */ = {
			isa = PBXGroup;
			children = (
				F23434E31B3447610065D11C /* MadNibs.app */,
				F23434FF1B3447610065D11C /* MadNibsTests.xctest */,
			);
			name = Products;
			sourceTree = "<group>";
		};
		F23434E51B3447610065D11C /* MadNibs */ = {
			isa = PBXGroup;
			children = (
				F23434EA1B3447610065D11C /* AppDelegate.h */,
				F23434EB1B3447610065D11C /* AppDelegate.m */,
				F23434F01B3447610065D11C /* ViewController.h */,
				F23434F11B3447610065D11C /* ViewController.m */,
				F23434F31B3447610065D11C /* Main.storyboard */,
				F23434F61B3447610065D11C /* Images.xcassets */,
				F23434F81B3447610065D11C /* LaunchScreen.xib */,
				F23434ED1B3447610065D11C /* MadNibs.xcdatamodeld */,
				F23434E61B3447610065D11C /* Supporting Files */,
			);
			path = MadNibs;
			sourceTree = "<group>";
		};
		F23434E61B3447610065D11C /* Supporting Files */ = {
			isa = PBXGroup;
			children = (
				F23434E71B3447610065D11C /* Info.plist */,
				F23434E81B3447610065D11C /* main.m */,
			);
			name = "Supporting Files";
			sourceTree = "<group>";
		};
		F23435021B3447610065D11C /* MadNibsTests */ = {
			isa = PBXGroup;
			children = (
				F23435051B3447610065D11C /* MadNibsTests.m */,
				F23435031B3447610065D11C /* Supporting Files */,
			);
			path = MadNibsTests;
			sourceTree = "<group>";
		};
		F23435031B3447610065D11C /* Supporting Files */ = {
			isa = PBXGroup;
			children = (
				F23435041B3447610065D11C /* Info.plist */,
			);
			name = "Supporting Files";
			sourceTree = "<group>";
		};
/* End PBXGroup section */

/* Begin PBXNativeTarget section */
		F23434E21B3447610065D11C /* MadNibs */ = {
			isa = PBXNativeTarget;
			buildConfigurationList = F23435091B3447610065D11C /* Build configuration list for PBXNativeTarget "MadNibs" */;
			buildPhases = (
				F23434DF1B3447610065D11C /* Sources */,
				F23434E01B3447610065D11C /* Frameworks */,
				F23434E11B3447610065D11C /* Resources */,
			);
			buildRules = (
			);
			dependencies = (
			);
			name = MadNibs;
			productName = MadNibs;
			productReference = F23434E31B3447610065D11C /* MadNibs.app */;
			productType = "com.apple.product-type.application";
		};
		F23434FE1B3447610065D11C /* MadNibsTests */ = {
			isa = PBXNativeTarget;
			buildConfigurationList = F234350C1B3447610065D11C /* Build configuration list for PBXNativeTarget "MadNibsTests" */;
			buildPhases = (
				F23434FB1B3447610065D11C /* Sources */,
				F23434FC1B3447610065D11C /* Frameworks */,
				F23434FD1B3447610065D11C /* Resources */,
			);
			buildRules = (
			);
			dependencies = (
				F23435011B3447610065D11C /* PBXTargetDependency */,
			);
			name = MadNibsTests;
			productName = MadNibsTests;
			productReference = F23434FF1B3447610065D11C /* MadNibsTests.xctest */;
			productType = "com.apple.product-type.bundle.unit-test";
		};
/* End PBXNativeTarget section */

/* Begin PBXProject section */
		F23434DB1B3447610065D11C /* Project object */ = {
			isa = PBXProject;
			attributes = {
				LastUpgradeCheck = 0630;
				ORGANIZATIONNAME = Wahoo;
				TargetAttributes = {
					F23434E21B3447610065D11C = {
						CreatedOnToolsVersion = 6.3.2;
					};
					F23434FE1B3447610065D11C = {
						CreatedOnToolsVersion = 6.3.2;
						TestTargetID = F23434E21B3447610065D11C;
					};
				};
			};
			buildConfigurationList = F23434DE1B3447610065D11C /* Build configuration list for PBXProject "MadNibs" */;
			compatibilityVersion = "Xcode 3.2";
			developmentRegion = English;
			hasScannedForEncodings = 0;
			knownRegions = (
				en,
				Base,
			);
			mainGroup = F23434DA1B3447610065D11C;
			productRefGroup = F23434E41B3447610065D11C /* Products */;
			projectDirPath = "";
			projectRoot = "";
			targets = (
				F23434E21B3447610065D11C /* MadNibs */,
				F23434FE1B3447610065D11C /* MadNibsTests */,
			);
		};
/* End PBXProject section */

/* Begin PBXResourcesBuildPhase section */
		F23434E11B3447610065D11C /* Resources */ = {
			isa = PBXResourcesBuildPhase;
			buildActionMask = 2147483647;
			files = (
				F23434F51B3447610065D11C /* Main.storyboard in Resources */,
				F23434FA1B3447610065D11C /* LaunchScreen.xib in Resources */,
				F23434F71B3447610065D11C /* Images.xcassets in Resources */,
			);
			runOnlyForDeploymentPostprocessing = 0;
		};
		F23434FD1B3447610065D11C /* Resources */ = {
			isa = PBXResourcesBuildPhase;
			buildActionMask = 2147483647;
			files = (
			);
			runOnlyForDeploymentPostprocessing = 0;
		};
/* End PBXResourcesBuildPhase section */

/* Begin PBXSourcesBuildPhase section */
		F23434DF1B3447610065D11C /* Sources */ = {
			isa = PBXSourcesBuildPhase;
			buildActionMask = 2147483647;
			files = (
				F23434EF1B3447610065D11C /* MadNibs.xcdatamodeld in Sources */,
				F23434EC1B3447610065D11C /* AppDelegate.m in Sources */,
				F23434F21B3447610065D11C /* ViewController.m in Sources */,
				F23434E91B3447610065D11C /* main.m in Sources */,
			);
			runOnlyForDeploymentPostprocessing = 0;
		};
		F23434FB1B3447610065D11C /* Sources */ = {
			isa = PBXSourcesBuildPhase;
			buildActionMask = 2147483647;
			files = (
				F23435061B3447610065D11C /* MadNibsTests.m in Sources */,
			);
			runOnlyForDeploymentPostprocessing = 0;
		};
/* End PBXSourcesBuildPhase section */

/* Begin PBXTargetDependency section */
		F23435011B3447610065D11C /* PBXTargetDependency */ = {
			isa = PBXTargetDependency;
			target = F23434E21B3447610065D11C /* MadNibs */;
			targetProxy = F23435001B3447610065D11C /* PBXContainerItemProxy */;
		};
/* End PBXTargetDependency section */

/* Begin PBXVariantGroup section */
		F23434F31B3447610065D11C /* Main.storyboard */ = {
			isa = PBXVariantGroup;
			children = (
				F23434F41B3447610065D11C /* Base */,
			);
			name = Main.storyboard;
			sourceTree = "<group>";
		};
		F23434F81B3447610065D11C /* LaunchScreen.xib */ = {
			isa = PBXVariantGroup;
			children = (
				F23434F91B3447610065D11C /* Base */,
			);
			name = LaunchScreen.xib;
			sourceTree = "<group>";
		};
/* End PBXVariantGroup section */

/* Begin XCBuildConfiguration section */
		F23435071B3447610065D11C /* Debug */ = {
			isa = XCBuildConfiguration;
			buildSettings = {
				ALWAYS_SEARCH_USER_PATHS = NO;
				CLANG_CXX_LANGUAGE_STANDARD = "gnu++0x";
				CLANG_CXX_LIBRARY = "libc++";
				CLANG_ENABLE_MODULES = YES;
				CLANG_ENABLE_OBJC_ARC = YES;
				CLANG_WARN_BOOL_CONVERSION = YES;
				CLANG_WARN_CONSTANT_CONVERSION = YES;
				CLANG_WARN_DIRECT_OBJC_ISA_USAGE = YES_ERROR;
				CLANG_WARN_EMPTY_BODY = YES;
				CLANG_WARN_ENUM_CONVERSION = YES;
				CLANG_WARN_INT_CONVERSION = YES;
				CLANG_WARN_OBJC_ROOT_CLASS = YES_ERROR;
				CLANG_WARN_UNREACHABLE_CODE = YES;
				CLANG_WARN__DUPLICATE_METHOD_MATCH = YES;
				"CODE_SIGN_IDENTITY[sdk=iphoneos*]" = "iPhone Developer";
				COPY_PHASE_STRIP = NO;
				DEBUG_INFORMATION_FORMAT = "dwarf-with-dsym";
				ENABLE_STRICT_OBJC_MSGSEND = YES;
				GCC_C_LANGUAGE_STANDARD = gnu99;
				GCC_DYNAMIC_NO_PIC = NO;
				GCC_NO_COMMON_BLOCKS = YES;
				GCC_OPTIMIZATION_LEVEL = 0;
				GCC_PREPROCESSOR_DEFINITIONS = (
					"DEBUG=1",
					"$(inherited)",
				);
				GCC_SYMBOLS_PRIVATE_EXTERN = NO;
				GCC_WARN_64_TO_32_BIT_CONVERSION = YES;
				GCC_WARN_ABOUT_RETURN_TYPE = YES_ERROR;
				GCC_WARN_UNDECLARED_SELECTOR = YES;
				GCC_WARN_UNINITIALIZED_AUTOS = YES_AGGRESSIVE;
				GCC_WARN_UNUSED_FUNCTION = YES;
				GCC_WARN_UNUSED_VARIABLE = YES;
				IPHONEOS_DEPLOYMENT_TARGET = 8.3;
				MTL_ENABLE_DEBUG_INFO = YES;
				ONLY_ACTIVE_ARCH = YES;
				SDKROOT = iphoneos;
			};
			name = Debug;
		};
		F23435081B3447610065D11C /* Release */ = {
			isa = XCBuildConfiguration;
			buildSettings = {
				ALWAYS_SEARCH_USER_PATHS = NO;
				CLANG_CXX_LANGUAGE_STANDARD = "gnu++0x";
				CLANG_CXX_LIBRARY = "libc++";
				CLANG_ENABLE_MODULES = YES;
				CLANG_ENABLE_OBJC_ARC = YES;
				CLANG_WARN_BOOL_CONVERSION = YES;
				CLANG_WARN_CONSTANT_CONVERSION = YES;
				CLANG_WARN_DIRECT_OBJC_ISA_USAGE = YES_ERROR;
				CLANG_WARN_EMPTY_BODY = YES;
				CLANG_WARN_ENUM_CONVERSION = YES;
				CLANG_WARN_INT_CONVERSION = YES;
				CLANG_WARN_OBJC_ROOT_CLASS = YES_ERROR;
				CLANG_WARN_UNREACHABLE_CODE = YES;
				CLANG_WARN__DUPLICATE_METHOD_MATCH = YES;
				"CODE_SIGN_IDENTITY[sdk=iphoneos*]" = "iPhone Developer";
				COPY_PHASE_STRIP = NO;
				DEBUG_INFORMATION_FORMAT = "dwarf-with-dsym";
				ENABLE_NS_ASSERTIONS = NO;
				ENABLE_STRICT_OBJC_MSGSEND = YES;
				GCC_C_LANGUAGE_STANDARD = gnu99;
				GCC_NO_COMMON_BLOCKS = YES;
				GCC_WARN_64_TO_32_BIT_CONVERSION = YES;
				GCC_WARN_ABOUT_RETURN_TYPE = YES_ERROR;
				GCC_WARN_UNDECLARED_SELECTOR = YES;
				GCC_WARN_UNINITIALIZED_AUTOS = YES_AGGRESSIVE;
				GCC_WARN_UNUSED_FUNCTION = YES;
				GCC_WARN_UNUSED_VARIABLE = YES;
				IPHONEOS_DEPLOYMENT_TARGET = 8.3;
				MTL_ENABLE_DEBUG_INFO = NO;
				SDKROOT = iphoneos;
				VALIDATE_PRODUCT = YES;
			};
			name = Release;
		};
		F234350A1B3447610065D11C /* Debug */ = {
			isa = XCBuildConfiguration;
			buildSettings = {
				ASSETCATALOG_COMPILER_APPICON_NAME = AppIcon;
				INFOPLIST_FILE = MadNibs/Info.plist;
				LD_RUNPATH_SEARCH_PATHS = "$(inherited) @executable_path/Frameworks";
				PRODUCT_NAME = "$(TARGET_NAME)";
			};
			name = Debug;
		};
		F234350B1B3447610065D11C /* Release */ = {
			isa = XCBuildConfiguration;
			buildSettings = {
				ASSETCATALOG_COMPILER_APPICON_NAME = AppIcon;
				INFOPLIST_FILE = MadNibs/Info.plist;
				LD_RUNPATH_SEARCH_PATHS = "$(inherited) @executable_path/Frameworks";
				PRODUCT_NAME = "$(TARGET_NAME)";
			};
			name = Release;
		};
		F234350D1B3447610065D11C /* Debug */ = {
			isa = XCBuildConfiguration;
			buildSettings = {
				BUNDLE_LOADER = "$(TEST_HOST)";
				FRAMEWORK_SEARCH_PATHS = (
					"$(SDKROOT)/Developer/Library/Frameworks",
					"$(inherited)",
				);
				GCC_PREPROCESSOR_DEFINITIONS = (
					"DEBUG=1",
					"$(inherited)",
				);
				INFOPLIST_FILE = MadNibsTests/Info.plist;
				LD_RUNPATH_SEARCH_PATHS = "$(inherited) @executable_path/Frameworks @loader_path/Frameworks";
				PRODUCT_NAME = "$(TARGET_NAME)";
				TEST_HOST = "$(BUILT_PRODUCTS_DIR)/MadNibs.app/MadNibs";
			};
			name = Debug;
		};
		F234350E1B3447610065D11C /* Release */ = {
			isa = XCBuildConfiguration;
			buildSettings = {
				BUNDLE_LOADER = "$(TEST_HOST)";
				FRAMEWORK_SEARCH_PATHS = (
					"$(SDKROOT)/Developer/Library/Frameworks",
					"$(inherited)",
				);
				INFOPLIST_FILE = MadNibsTests/Info.plist;
				LD_RUNPATH_SEARCH_PATHS = "$(inherited) @executable_path/Frameworks @loader_path/Frameworks";
				PRODUCT_NAME = "$(TARGET_NAME)";
				TEST_HOST = "$(BUILT_PRODUCTS_DIR)/MadNibs.app/MadNibs";
			};
			name = Release;
		};
/* End XCBuildConfiguration section */

/* Begin XCConfigurationList section */
		F23434DE1B3447610065D11C /* Build configuration list for PBXProject "MadNibs" */ = {
			isa = XCConfigurationList;
			buildConfigurations = (
				F23435071B3447610065D11C /* Debug */,
				F23435081B3447610065D11C /* Release */,
			);
			defaultConfigurationIsVisible = 0;
			defaultConfigurationName = Release;
		};
		F23435091B3447610065D11C /* Build configuration list for PBXNativeTarget "MadNibs" */ = {
			isa = XCConfigurationList;
			buildConfigurations = (
				F234350A1B3447610065D11C /* Debug */,
				F234350B1B3447610065D11C /* Release */,
			);
			defaultConfigurationIsVisible = 0;
		};
		F234350C1B3447610065D11C /* Build configuration list for PBXNativeTarget "MadNibsTests" */ = {
			isa = XCConfigurationList;
			buildConfigurations = (
				F234350D1B3447610065D11C /* Debug */,
				F234350E1B3447610065D11C /* Release */,
			);
			defaultConfigurationIsVisible = 0;
		};
/* End XCConfigurationList section */

/* Begin XCVersionGroup section */
		F23434ED1B3447610065D11C /* MadNibs.xcdatamodeld */ = {
			isa = XCVersionGroup;
			children = (
				F23434EE1B3447610065D11C /* MadNibs.xcdatamodel */,
			);
			currentVersion = F23434EE1B3447610065D11C /* MadNibs.xcdatamodel */;
			path = MadNibs.xcdatamodeld;
			sourceTree = "<group>";
			versionGroupType = wrapper.xcdatamodel;
		};
/* End XCVersionGroup section */
	};
	rootObject = F23434DB1B3447610065D11C /* Project object */;
}
